
Microsoft Visual Studio Solution File, Format Version 12.00
# Visual Studio 15
VisualStudioVersion = 15.0.28010.2026
MinimumVisualStudioVersion = 10.0.40219.1
Project("{8BC9CEB8-8B4A-11D0-8D11-00A0C91BC942}") = "10809_알파벳찾기", "10809_알파벳찾기\10809_알파벳찾기.vcxproj", "{1F3597FC-67CB-48DA-B84C-388FFF51948E}"
EndProject
Global
	GlobalSection(SolutionConfigurationPlatforms) = preSolution
		Debug|x64 = Debug|x64
		Debug|x86 = Debug|x86
		Release|x64 = Release|x64
		Release|x86 = Release|x86
	EndGlobalSection
	GlobalSection(ProjectConfigurationPlatforms) = postSolution
		{1F3597FC-67CB-48DA-B84C-388FFF51948E}.Debug|x64.ActiveCfg = Debug|x64
		{1F3597FC-67CB-48DA-B84C-388FFF51948E}.Debug|x64.Build.0 = Debug|x64
		{1F3597FC-67CB-48DA-B84C-388FFF51948E}.Debug|x86.ActiveCfg = Debug|Win32
		{1F3597FC-67CB-48DA-B84C-388FFF51948E}.Debug|x86.Build.0 = Debug|Win32
		{1F3597FC-67CB-48DA-B84C-388FFF51948E}.Release|x64.ActiveCfg = Release|x64
		{1F3597FC-67CB-48DA-B84C-388FFF51948E}.Release|x64.Build.0 = Release|x64
		{1F3597FC-67CB-48DA-B84C-388FFF51948E}.Release|x86.ActiveCfg = Release|Win32
		{1F3597FC-67CB-48DA-B84C-388FFF51948E}.Release|x86.Build.0 = Release|Win32
	EndGlobalSection
	GlobalSection(SolutionProperties) = preSolution
		HideSolutionNode = FALSE
	EndGlobalSection
	GlobalSection(ExtensibilityGlobals) = postSolution
		SolutionGuid = {35CB400F-C191-4EAF-A916-9995CE57F580}
	EndGlobalSection
EndGlobal
