
Microsoft Visual Studio Solution File, Format Version 12.00
# Visual Studio 15
VisualStudioVersion = 15.0.28307.421
MinimumVisualStudioVersion = 10.0.40219.1
Project("{8BC9CEB8-8B4A-11D0-8D11-00A0C91BC942}") = "9461번 - 파도반수열", "9461번 - 파도반수열\9461번 - 파도반수열.vcxproj", "{3877C635-C4DB-4EFC-8B64-079FF02F6CA5}"
EndProject
Global
	GlobalSection(SolutionConfigurationPlatforms) = preSolution
		Debug|x64 = Debug|x64
		Debug|x86 = Debug|x86
		Release|x64 = Release|x64
		Release|x86 = Release|x86
	EndGlobalSection
	GlobalSection(ProjectConfigurationPlatforms) = postSolution
		{3877C635-C4DB-4EFC-8B64-079FF02F6CA5}.Debug|x64.ActiveCfg = Debug|x64
		{3877C635-C4DB-4EFC-8B64-079FF02F6CA5}.Debug|x64.Build.0 = Debug|x64
		{3877C635-C4DB-4EFC-8B64-079FF02F6CA5}.Debug|x86.ActiveCfg = Debug|Win32
		{3877C635-C4DB-4EFC-8B64-079FF02F6CA5}.Debug|x86.Build.0 = Debug|Win32
		{3877C635-C4DB-4EFC-8B64-079FF02F6CA5}.Release|x64.ActiveCfg = Release|x64
		{3877C635-C4DB-4EFC-8B64-079FF02F6CA5}.Release|x64.Build.0 = Release|x64
		{3877C635-C4DB-4EFC-8B64-079FF02F6CA5}.Release|x86.ActiveCfg = Release|Win32
		{3877C635-C4DB-4EFC-8B64-079FF02F6CA5}.Release|x86.Build.0 = Release|Win32
	EndGlobalSection
	GlobalSection(SolutionProperties) = preSolution
		HideSolutionNode = FALSE
	EndGlobalSection
	GlobalSection(ExtensibilityGlobals) = postSolution
		SolutionGuid = {DF2229D0-9FD5-4A1F-9BFC-D28B80EC279B}
	EndGlobalSection
EndGlobal
